
Microsoft Visual Studio Solution File, Format Version 12.00
# Visual Studio Version 16
VisualStudioVersion = 16.0.31105.61
MinimumVisualStudioVersion = 10.0.40219.1
Project("{9A19103F-16F7-4668-BE54-9A1E7A4F7556}") = "GoTaxi", "GoTaxi\GoTaxi.csproj", "{56F40565-DF6F-4BAD-8CFD-2C5C6D387050}"
EndProject
Project("{2150E333-8FDC-42A3-9474-1A3956D46DE8}") = "Solution Items", "Solution Items", "{693CA716-0DB5-45C2-8E2D-118362A793D5}"
	ProjectSection(SolutionItems) = preProject
		.editorconfig = .editorconfig
	EndProjectSection
EndProject
Global
	GlobalSection(SolutionConfigurationPlatforms) = preSolution
		Debug|Any CPU = Debug|Any CPU
		Release|Any CPU = Release|Any CPU
	EndGlobalSection
	GlobalSection(ProjectConfigurationPlatforms) = postSolution
		{56F40565-DF6F-4BAD-8CFD-2C5C6D387050}.Debug|Any CPU.ActiveCfg = Debug|Any CPU
		{56F40565-DF6F-4BAD-8CFD-2C5C6D387050}.Debug|Any CPU.Build.0 = Debug|Any CPU
		{56F40565-DF6F-4BAD-8CFD-2C5C6D387050}.Release|Any CPU.ActiveCfg = Release|Any CPU
		{56F40565-DF6F-4BAD-8CFD-2C5C6D387050}.Release|Any CPU.Build.0 = Release|Any CPU
	EndGlobalSection
	GlobalSection(SolutionProperties) = preSolution
		HideSolutionNode = FALSE
	EndGlobalSection
	GlobalSection(ExtensibilityGlobals) = postSolution
		SolutionGuid = {5CACF949-1267-4B4F-B68F-DB8578A81419}
	EndGlobalSection
EndGlobal
