
Microsoft Visual Studio Solution File, Format Version 12.00
# Visual Studio Version 16
VisualStudioVersion = 16.0.31105.61
MinimumVisualStudioVersion = 10.0.40219.1
Project("{FAE04EC0-301F-11D3-BF4B-00C04F79EFBC}") = "GoTaxi", "GoTaxi\GoTaxi.csproj", "{8AC73430-5BA0-450F-9DA5-B178A3A78925}"
EndProject
Global
	GlobalSection(SolutionConfigurationPlatforms) = preSolution
		Debug|Any CPU = Debug|Any CPU
		Release|Any CPU = Release|Any CPU
	EndGlobalSection
	GlobalSection(ProjectConfigurationPlatforms) = postSolution
		{8AC73430-5BA0-450F-9DA5-B178A3A78925}.Debug|Any CPU.ActiveCfg = Debug|Any CPU
		{8AC73430-5BA0-450F-9DA5-B178A3A78925}.Debug|Any CPU.Build.0 = Debug|Any CPU
		{8AC73430-5BA0-450F-9DA5-B178A3A78925}.Release|Any CPU.ActiveCfg = Release|Any CPU
		{8AC73430-5BA0-450F-9DA5-B178A3A78925}.Release|Any CPU.Build.0 = Release|Any CPU
	EndGlobalSection
	GlobalSection(SolutionProperties) = preSolution
		HideSolutionNode = FALSE
	EndGlobalSection
	GlobalSection(ExtensibilityGlobals) = postSolution
		SolutionGuid = {D36DDAEA-0979-4A2E-B618-8DB1555378B9}
	EndGlobalSection
EndGlobal
